
Microsoft Visual Studio Solution File, Format Version 12.00
# Visual Studio Version 16
VisualStudioVersion = 16.0.32602.291
MinimumVisualStudioVersion = 10.0.40219.1
Project("{FAE04EC0-301F-11D3-BF4B-00C04F79EFBC}") = "Gambali.InternalTalent.Domain", "src\Gambali.InternalTalent.Domain\Gambali.InternalTalent.Domain.csproj", "{078C9E20-B79D-413A-976A-0770A178CC8B}"
EndProject
Project("{FAE04EC0-301F-11D3-BF4B-00C04F79EFBC}") = "Gambali.InternalTalent.Application", "src\Gambali.InternalTalent.Application\Gambali.InternalTalent.Application.csproj", "{DF15794E-AF8D-430F-AB56-526397B46C3F}"
EndProject
Project("{FAE04EC0-301F-11D3-BF4B-00C04F79EFBC}") = "Gambali.InternalTalent.Infra", "src\Gambali.InternalTalent.Infra\Gambali.InternalTalent.Infra.csproj", "{805054A6-0C09-4881-B524-7AF2CF68A893}"
EndProject
Project("{FAE04EC0-301F-11D3-BF4B-00C04F79EFBC}") = "Gambali.InternalTalent.WebApi", "src\Gambali.InternalTalent.WebApi\Gambali.InternalTalent.WebApi.csproj", "{56282BDD-5583-431F-90C0-EE0738ADABEB}"
EndProject
Project("{FAE04EC0-301F-11D3-BF4B-00C04F79EFBC}") = "Gambali.InternalTalent.Crosscutting", "src\Gambali.InternalTalent.Crosscutting\Gambali.InternalTalent.Crosscutting.csproj", "{A605B757-F516-4ACC-9A0C-32A236FDF7E5}"
EndProject
Global
	GlobalSection(SolutionConfigurationPlatforms) = preSolution
		Debug|Any CPU = Debug|Any CPU
		Release|Any CPU = Release|Any CPU
	EndGlobalSection
	GlobalSection(ProjectConfigurationPlatforms) = postSolution
		{078C9E20-B79D-413A-976A-0770A178CC8B}.Debug|Any CPU.ActiveCfg = Debug|Any CPU
		{078C9E20-B79D-413A-976A-0770A178CC8B}.Debug|Any CPU.Build.0 = Debug|Any CPU
		{078C9E20-B79D-413A-976A-0770A178CC8B}.Release|Any CPU.ActiveCfg = Release|Any CPU
		{078C9E20-B79D-413A-976A-0770A178CC8B}.Release|Any CPU.Build.0 = Release|Any CPU
		{DF15794E-AF8D-430F-AB56-526397B46C3F}.Debug|Any CPU.ActiveCfg = Debug|Any CPU
		{DF15794E-AF8D-430F-AB56-526397B46C3F}.Debug|Any CPU.Build.0 = Debug|Any CPU
		{DF15794E-AF8D-430F-AB56-526397B46C3F}.Release|Any CPU.ActiveCfg = Release|Any CPU
		{DF15794E-AF8D-430F-AB56-526397B46C3F}.Release|Any CPU.Build.0 = Release|Any CPU
		{805054A6-0C09-4881-B524-7AF2CF68A893}.Debug|Any CPU.ActiveCfg = Debug|Any CPU
		{805054A6-0C09-4881-B524-7AF2CF68A893}.Debug|Any CPU.Build.0 = Debug|Any CPU
		{805054A6-0C09-4881-B524-7AF2CF68A893}.Release|Any CPU.ActiveCfg = Release|Any CPU
		{805054A6-0C09-4881-B524-7AF2CF68A893}.Release|Any CPU.Build.0 = Release|Any CPU
		{56282BDD-5583-431F-90C0-EE0738ADABEB}.Debug|Any CPU.ActiveCfg = Debug|Any CPU
		{56282BDD-5583-431F-90C0-EE0738ADABEB}.Debug|Any CPU.Build.0 = Debug|Any CPU
		{56282BDD-5583-431F-90C0-EE0738ADABEB}.Release|Any CPU.ActiveCfg = Release|Any CPU
		{56282BDD-5583-431F-90C0-EE0738ADABEB}.Release|Any CPU.Build.0 = Release|Any CPU
		{A605B757-F516-4ACC-9A0C-32A236FDF7E5}.Debug|Any CPU.ActiveCfg = Debug|Any CPU
		{A605B757-F516-4ACC-9A0C-32A236FDF7E5}.Debug|Any CPU.Build.0 = Debug|Any CPU
		{A605B757-F516-4ACC-9A0C-32A236FDF7E5}.Release|Any CPU.ActiveCfg = Release|Any CPU
		{A605B757-F516-4ACC-9A0C-32A236FDF7E5}.Release|Any CPU.Build.0 = Release|Any CPU
	EndGlobalSection
	GlobalSection(SolutionProperties) = preSolution
		HideSolutionNode = FALSE
	EndGlobalSection
	GlobalSection(ExtensibilityGlobals) = postSolution
		SolutionGuid = {60E96913-5898-49BF-8E31-98FEEAFC4AB4}
	EndGlobalSection
EndGlobal
